// !$*UTF8*$!
{
	archiveVersion = 1;
	classes = {
	};
	objectVersion = 46;
	objects = {

/* Begin PBXBuildFile section */
		D54387BE1CC98AFE00EC6DB6 /* LoginView.swift in Sources */ = {isa = PBXBuildFile; fileRef = D54387BD1CC98AFE00EC6DB6 /* LoginView.swift */; };
		D54387C01CC9DE2300EC6DB6 /* Extension_UIView.swift in Sources */ = {isa = PBXBuildFile; fileRef = D54387BF1CC9DE2300EC6DB6 /* Extension_UIView.swift */; };
		D5D582A21CFA229B00E39110 /* UdacityLogin.swift in Sources */ = {isa = PBXBuildFile; fileRef = D5D582A01CFA229B00E39110 /* UdacityLogin.swift */; };
		D5D582A31CFA229B00E39110 /* User.swift in Sources */ = {isa = PBXBuildFile; fileRef = D5D582A11CFA229B00E39110 /* User.swift */; };
		D5DE9FC61CC7FB7A00537561 /* AppDelegate.swift in Sources */ = {isa = PBXBuildFile; fileRef = D5DE9FC51CC7FB7A00537561 /* AppDelegate.swift */; };
		D5DE9FC81CC7FB7A00537561 /* FirstViewController.swift in Sources */ = {isa = PBXBuildFile; fileRef = D5DE9FC71CC7FB7A00537561 /* FirstViewController.swift */; };
		D5DE9FCA1CC7FB7A00537561 /* SecondViewController.swift in Sources */ = {isa = PBXBuildFile; fileRef = D5DE9FC91CC7FB7A00537561 /* SecondViewController.swift */; };
		D5DE9FCD1CC7FB7A00537561 /* Main.storyboard in Resources */ = {isa = PBXBuildFile; fileRef = D5DE9FCB1CC7FB7A00537561 /* Main.storyboard */; };
		D5DE9FCF1CC7FB7A00537561 /* Assets.xcassets in Resources */ = {isa = PBXBuildFile; fileRef = D5DE9FCE1CC7FB7A00537561 /* Assets.xcassets */; };
		D5DE9FD21CC7FB7A00537561 /* LaunchScreen.storyboard in Resources */ = {isa = PBXBuildFile; fileRef = D5DE9FD01CC7FB7A00537561 /* LaunchScreen.storyboard */; };
		D5DE9FDD1CC7FB7B00537561 /* On_the_MapTests.swift in Sources */ = {isa = PBXBuildFile; fileRef = D5DE9FDC1CC7FB7B00537561 /* On_the_MapTests.swift */; };
		D5DE9FE81CC7FB7B00537561 /* On_the_MapUITests.swift in Sources */ = {isa = PBXBuildFile; fileRef = D5DE9FE71CC7FB7B00537561 /* On_the_MapUITests.swift */; };
		D5DE9FF61CC7FBD900537561 /* MapKit.framework in Frameworks */ = {isa = PBXBuildFile; fileRef = D5DE9FF51CC7FBD900537561 /* MapKit.framework */; };
		D5DE9FF81CC83E7500537561 /* LoginViewController.swift in Sources */ = {isa = PBXBuildFile; fileRef = D5DE9FF71CC83E7500537561 /* LoginViewController.swift */; };
/* End PBXBuildFile section */

/* Begin PBXContainerItemProxy section */
		D5DE9FD91CC7FB7B00537561 /* PBXContainerItemProxy */ = {
			isa = PBXContainerItemProxy;
			containerPortal = D5DE9FBA1CC7FB7A00537561 /* Project object */;
			proxyType = 1;
			remoteGlobalIDString = D5DE9FC11CC7FB7A00537561;
			remoteInfo = "On the Map";
		};
		D5DE9FE41CC7FB7B00537561 /* PBXContainerItemProxy */ = {
			isa = PBXContainerItemProxy;
			containerPortal = D5DE9FBA1CC7FB7A00537561 /* Project object */;
			proxyType = 1;
			remoteGlobalIDString = D5DE9FC11CC7FB7A00537561;
			remoteInfo = "On the Map";
		};
/* End PBXContainerItemProxy section */

/* Begin PBXFileReference section */
		D54387BD1CC98AFE00EC6DB6 /* LoginView.swift */ = {isa = PBXFileReference; fileEncoding = 4; lastKnownFileType = sourcecode.swift; path = LoginView.swift; sourceTree = "<group>"; };
		D54387BF1CC9DE2300EC6DB6 /* Extension_UIView.swift */ = {isa = PBXFileReference; fileEncoding = 4; lastKnownFileType = sourcecode.swift; path = Extension_UIView.swift; sourceTree = "<group>"; };
		D5D582A01CFA229B00E39110 /* UdacityLogin.swift */ = {isa = PBXFileReference; fileEncoding = 4; lastKnownFileType = sourcecode.swift; name = UdacityLogin.swift; path = "On the Map/UdacityLogin.swift"; sourceTree = "<group>"; };
		D5D582A11CFA229B00E39110 /* User.swift */ = {isa = PBXFileReference; fileEncoding = 4; lastKnownFileType = sourcecode.swift; name = User.swift; path = "On the Map/User.swift"; sourceTree = "<group>"; };
		D5DE9FC21CC7FB7A00537561 /* On the Map.app */ = {isa = PBXFileReference; explicitFileType = wrapper.application; includeInIndex = 0; path = "On the Map.app"; sourceTree = BUILT_PRODUCTS_DIR; };
		D5DE9FC51CC7FB7A00537561 /* AppDelegate.swift */ = {isa = PBXFileReference; lastKnownFileType = sourcecode.swift; path = AppDelegate.swift; sourceTree = "<group>"; };
		D5DE9FC71CC7FB7A00537561 /* FirstViewController.swift */ = {isa = PBXFileReference; lastKnownFileType = sourcecode.swift; path = FirstViewController.swift; sourceTree = "<group>"; };
		D5DE9FC91CC7FB7A00537561 /* SecondViewController.swift */ = {isa = PBXFileReference; lastKnownFileType = sourcecode.swift; path = SecondViewController.swift; sourceTree = "<group>"; };
		D5DE9FCC1CC7FB7A00537561 /* Base */ = {isa = PBXFileReference; lastKnownFileType = file.storyboard; name = Base; path = Base.lproj/Main.storyboard; sourceTree = "<group>"; };
		D5DE9FCE1CC7FB7A00537561 /* Assets.xcassets */ = {isa = PBXFileReference; lastKnownFileType = folder.assetcatalog; path = Assets.xcassets; sourceTree = "<group>"; };
		D5DE9FD11CC7FB7A00537561 /* Base */ = {isa = PBXFileReference; lastKnownFileType = file.storyboard; name = Base; path = Base.lproj/LaunchScreen.storyboard; sourceTree = "<group>"; };
		D5DE9FD31CC7FB7A00537561 /* Info.plist */ = {isa = PBXFileReference; lastKnownFileType = text.plist.xml; path = Info.plist; sourceTree = "<group>"; };
		D5DE9FD81CC7FB7B00537561 /* On the MapTests.xctest */ = {isa = PBXFileReference; explicitFileType = wrapper.cfbundle; includeInIndex = 0; path = "On the MapTests.xctest"; sourceTree = BUILT_PRODUCTS_DIR; };
		D5DE9FDC1CC7FB7B00537561 /* On_the_MapTests.swift */ = {isa = PBXFileReference; lastKnownFileType = sourcecode.swift; path = On_the_MapTests.swift; sourceTree = "<group>"; };
		D5DE9FDE1CC7FB7B00537561 /* Info.plist */ = {isa = PBXFileReference; lastKnownFileType = text.plist.xml; path = Info.plist; sourceTree = "<group>"; };
		D5DE9FE31CC7FB7B00537561 /* On the MapUITests.xctest */ = {isa = PBXFileReference; explicitFileType = wrapper.cfbundle; includeInIndex = 0; path = "On the MapUITests.xctest"; sourceTree = BUILT_PRODUCTS_DIR; };
		D5DE9FE71CC7FB7B00537561 /* On_the_MapUITests.swift */ = {isa = PBXFileReference; lastKnownFileType = sourcecode.swift; path = On_the_MapUITests.swift; sourceTree = "<group>"; };
		D5DE9FE91CC7FB7B00537561 /* Info.plist */ = {isa = PBXFileReference; lastKnownFileType = text.plist.xml; path = Info.plist; sourceTree = "<group>"; };
		D5DE9FF51CC7FBD900537561 /* MapKit.framework */ = {isa = PBXFileReference; lastKnownFileType = wrapper.framework; name = MapKit.framework; path = System/Library/Frameworks/MapKit.framework; sourceTree = SDKROOT; };
		D5DE9FF71CC83E7500537561 /* LoginViewController.swift */ = {isa = PBXFileReference; fileEncoding = 4; lastKnownFileType = sourcecode.swift; path = LoginViewController.swift; sourceTree = "<group>"; };
/* End PBXFileReference section */

/* Begin PBXFrameworksBuildPhase section */
		D5DE9FBF1CC7FB7A00537561 /* Frameworks */ = {
			isa = PBXFrameworksBuildPhase;
			buildActionMask = 2147483647;
			files = (
				D5DE9FF61CC7FBD900537561 /* MapKit.framework in Frameworks */,
			);
			runOnlyForDeploymentPostprocessing = 0;
		};
		D5DE9FD51CC7FB7B00537561 /* Frameworks */ = {
			isa = PBXFrameworksBuildPhase;
			buildActionMask = 2147483647;
			files = (
			);
			runOnlyForDeploymentPostprocessing = 0;
		};
		D5DE9FE01CC7FB7B00537561 /* Frameworks */ = {
			isa = PBXFrameworksBuildPhase;
			buildActionMask = 2147483647;
			files = (
			);
			runOnlyForDeploymentPostprocessing = 0;
		};
/* End PBXFrameworksBuildPhase section */

/* Begin PBXGroup section */
		D5DE9FB91CC7FB7A00537561 = {
			isa = PBXGroup;
			children = (
				D5DE9FF51CC7FBD900537561 /* MapKit.framework */,
				D5DE9FC41CC7FB7A00537561 /* On the Map */,
				D5DE9FDB1CC7FB7B00537561 /* On the MapTests */,
				D5DE9FE61CC7FB7B00537561 /* On the MapUITests */,
				D5DE9FC31CC7FB7A00537561 /* Products */,
			);
			sourceTree = "<group>";
		};
		D5DE9FC31CC7FB7A00537561 /* Products */ = {
			isa = PBXGroup;
			children = (
				D5DE9FC21CC7FB7A00537561 /* On the Map.app */,
				D5DE9FD81CC7FB7B00537561 /* On the MapTests.xctest */,
				D5DE9FE31CC7FB7B00537561 /* On the MapUITests.xctest */,
			);
			name = Products;
			sourceTree = "<group>";
		};
		D5DE9FC41CC7FB7A00537561 /* On the Map */ = {
			isa = PBXGroup;
			children = (
				D5DE9FC51CC7FB7A00537561 /* AppDelegate.swift */,
				D5EB2CDF1CDBEDFF001737B3 /* Models */,
				D5EB2CDC1CDBED20001737B3 /* Views */,
				D5EB2CDB1CDBED03001737B3 /* Controllers */,
				D5EB2CDE1CDBED4A001737B3 /* Extensions */,
				D5EB2CDD1CDBED39001737B3 /* Supporting Files */,
			);
			path = "On the Map";
			sourceTree = "<group>";
		};
		D5DE9FDB1CC7FB7B00537561 /* On the MapTests */ = {
			isa = PBXGroup;
			children = (
				D5DE9FDC1CC7FB7B00537561 /* On_the_MapTests.swift */,
				D5DE9FDE1CC7FB7B00537561 /* Info.plist */,
			);
			path = "On the MapTests";
			sourceTree = "<group>";
		};
		D5DE9FE61CC7FB7B00537561 /* On the MapUITests */ = {
			isa = PBXGroup;
			children = (
				D5DE9FE71CC7FB7B00537561 /* On_the_MapUITests.swift */,
				D5DE9FE91CC7FB7B00537561 /* Info.plist */,
			);
			path = "On the MapUITests";
			sourceTree = "<group>";
		};
		D5EB2CDB1CDBED03001737B3 /* Controllers */ = {
			isa = PBXGroup;
			children = (
				D5DE9FF71CC83E7500537561 /* LoginViewController.swift */,
				D5DE9FC71CC7FB7A00537561 /* FirstViewController.swift */,
				D5DE9FC91CC7FB7A00537561 /* SecondViewController.swift */,
			);
			name = Controllers;
			sourceTree = "<group>";
		};
		D5EB2CDC1CDBED20001737B3 /* Views */ = {
			isa = PBXGroup;
			children = (
				D5DE9FCB1CC7FB7A00537561 /* Main.storyboard */,
				D5DE9FD01CC7FB7A00537561 /* LaunchScreen.storyboard */,
				D54387BD1CC98AFE00EC6DB6 /* LoginView.swift */,
			);
			name = Views;
			sourceTree = "<group>";
		};
		D5EB2CDD1CDBED39001737B3 /* Supporting Files */ = {
			isa = PBXGroup;
			children = (
				D5DE9FCE1CC7FB7A00537561 /* Assets.xcassets */,
				D5DE9FD31CC7FB7A00537561 /* Info.plist */,
			);
			name = "Supporting Files";
			sourceTree = "<group>";
		};
		D5EB2CDE1CDBED4A001737B3 /* Extensions */ = {
			isa = PBXGroup;
			children = (
				D54387BF1CC9DE2300EC6DB6 /* Extension_UIView.swift */,
			);
			name = Extensions;
			sourceTree = "<group>";
		};
		D5EB2CDF1CDBEDFF001737B3 /* Models */ = {
			isa = PBXGroup;
			children = (
				D5D582A01CFA229B00E39110 /* UdacityLogin.swift */,
				D5D582A11CFA229B00E39110 /* User.swift */,
			);
			name = Models;
			path = ..;
			sourceTree = "<group>";
		};
/* End PBXGroup section */

/* Begin PBXNativeTarget section */
		D5DE9FC11CC7FB7A00537561 /* On the Map */ = {
			isa = PBXNativeTarget;
			buildConfigurationList = D5DE9FEC1CC7FB7B00537561 /* Build configuration list for PBXNativeTarget "On the Map" */;
			buildPhases = (
				D5DE9FBE1CC7FB7A00537561 /* Sources */,
				D5DE9FBF1CC7FB7A00537561 /* Frameworks */,
				D5DE9FC01CC7FB7A00537561 /* Resources */,
			);
			buildRules = (
			);
			dependencies = (
			);
			name = "On the Map";
			productName = "On the Map";
			productReference = D5DE9FC21CC7FB7A00537561 /* On the Map.app */;
			productType = "com.apple.product-type.application";
		};
		D5DE9FD71CC7FB7B00537561 /* On the MapTests */ = {
			isa = PBXNativeTarget;
			buildConfigurationList = D5DE9FEF1CC7FB7B00537561 /* Build configuration list for PBXNativeTarget "On the MapTests" */;
			buildPhases = (
				D5DE9FD41CC7FB7B00537561 /* Sources */,
				D5DE9FD51CC7FB7B00537561 /* Frameworks */,
				D5DE9FD61CC7FB7B00537561 /* Resources */,
			);
			buildRules = (
			);
			dependencies = (
				D5DE9FDA1CC7FB7B00537561 /* PBXTargetDependency */,
			);
			name = "On the MapTests";
			productName = "On the MapTests";
			productReference = D5DE9FD81CC7FB7B00537561 /* On the MapTests.xctest */;
			productType = "com.apple.product-type.bundle.unit-test";
		};
		D5DE9FE21CC7FB7B00537561 /* On the MapUITests */ = {
			isa = PBXNativeTarget;
			buildConfigurationList = D5DE9FF21CC7FB7B00537561 /* Build configuration list for PBXNativeTarget "On the MapUITests" */;
			buildPhases = (
				D5DE9FDF1CC7FB7B00537561 /* Sources */,
				D5DE9FE01CC7FB7B00537561 /* Frameworks */,
				D5DE9FE11CC7FB7B00537561 /* Resources */,
			);
			buildRules = (
			);
			dependencies = (
				D5DE9FE51CC7FB7B00537561 /* PBXTargetDependency */,
			);
			name = "On the MapUITests";
			productName = "On the MapUITests";
			productReference = D5DE9FE31CC7FB7B00537561 /* On the MapUITests.xctest */;
			productType = "com.apple.product-type.bundle.ui-testing";
		};
/* End PBXNativeTarget section */

/* Begin PBXProject section */
		D5DE9FBA1CC7FB7A00537561 /* Project object */ = {
			isa = PBXProject;
			attributes = {
				LastSwiftUpdateCheck = 0730;
				LastUpgradeCheck = 0730;
				ORGANIZATIONNAME = leanne63;
				TargetAttributes = {
					D5DE9FC11CC7FB7A00537561 = {
						CreatedOnToolsVersion = 7.3;
						DevelopmentTeam = T3V4Z3867Q;
						SystemCapabilities = {
							com.apple.Maps.iOS = {
								enabled = 1;
							};
						};
					};
					D5DE9FD71CC7FB7B00537561 = {
						CreatedOnToolsVersion = 7.3;
						TestTargetID = D5DE9FC11CC7FB7A00537561;
					};
					D5DE9FE21CC7FB7B00537561 = {
						CreatedOnToolsVersion = 7.3;
						TestTargetID = D5DE9FC11CC7FB7A00537561;
					};
				};
			};
			buildConfigurationList = D5DE9FBD1CC7FB7A00537561 /* Build configuration list for PBXProject "On the Map" */;
			compatibilityVersion = "Xcode 3.2";
			developmentRegion = English;
			hasScannedForEncodings = 0;
			knownRegions = (
				en,
				Base,
			);
			mainGroup = D5DE9FB91CC7FB7A00537561;
			productRefGroup = D5DE9FC31CC7FB7A00537561 /* Products */;
			projectDirPath = "";
			projectRoot = "";
			targets = (
				D5DE9FC11CC7FB7A00537561 /* On the Map */,
				D5DE9FD71CC7FB7B00537561 /* On the MapTests */,
				D5DE9FE21CC7FB7B00537561 /* On the MapUITests */,
			);
		};
/* End PBXProject section */

/* Begin PBXResourcesBuildPhase section */
		D5DE9FC01CC7FB7A00537561 /* Resources */ = {
			isa = PBXResourcesBuildPhase;
			buildActionMask = 2147483647;
			files = (
				D5DE9FD21CC7FB7A00537561 /* LaunchScreen.storyboard in Resources */,
				D5DE9FCF1CC7FB7A00537561 /* Assets.xcassets in Resources */,
				D5DE9FCD1CC7FB7A00537561 /* Main.storyboard in Resources */,
			);
			runOnlyForDeploymentPostprocessing = 0;
		};
		D5DE9FD61CC7FB7B00537561 /* Resources */ = {
			isa = PBXResourcesBuildPhase;
			buildActionMask = 2147483647;
			files = (
			);
			runOnlyForDeploymentPostprocessing = 0;
		};
		D5DE9FE11CC7FB7B00537561 /* Resources */ = {
			isa = PBXResourcesBuildPhase;
			buildActionMask = 2147483647;
			files = (
			);
			runOnlyForDeploymentPostprocessing = 0;
		};
/* End PBXResourcesBuildPhase section */

/* Begin PBXSourcesBuildPhase section */
		D5DE9FBE1CC7FB7A00537561 /* Sources */ = {
			isa = PBXSourcesBuildPhase;
			buildActionMask = 2147483647;
			files = (
				D5D582A21CFA229B00E39110 /* UdacityLogin.swift in Sources */,
				D54387C01CC9DE2300EC6DB6 /* Extension_UIView.swift in Sources */,
				D5DE9FF81CC83E7500537561 /* LoginViewController.swift in Sources */,
				D54387BE1CC98AFE00EC6DB6 /* LoginView.swift in Sources */,
				D5D582A31CFA229B00E39110 /* User.swift in Sources */,
				D5DE9FCA1CC7FB7A00537561 /* SecondViewController.swift in Sources */,
				D5DE9FC61CC7FB7A00537561 /* AppDelegate.swift in Sources */,
				D5DE9FC81CC7FB7A00537561 /* FirstViewController.swift in Sources */,
			);
			runOnlyForDeploymentPostprocessing = 0;
		};
		D5DE9FD41CC7FB7B00537561 /* Sources */ = {
			isa = PBXSourcesBuildPhase;
			buildActionMask = 2147483647;
			files = (
				D5DE9FDD1CC7FB7B00537561 /* On_the_MapTests.swift in Sources */,
			);
			runOnlyForDeploymentPostprocessing = 0;
		};
		D5DE9FDF1CC7FB7B00537561 /* Sources */ = {
			isa = PBXSourcesBuildPhase;
			buildActionMask = 2147483647;
			files = (
				D5DE9FE81CC7FB7B00537561 /* On_the_MapUITests.swift in Sources */,
			);
			runOnlyForDeploymentPostprocessing = 0;
		};
/* End PBXSourcesBuildPhase section */

/* Begin PBXTargetDependency section */
		D5DE9FDA1CC7FB7B00537561 /* PBXTargetDependency */ = {
			isa = PBXTargetDependency;
			target = D5DE9FC11CC7FB7A00537561 /* On the Map */;
			targetProxy = D5DE9FD91CC7FB7B00537561 /* PBXContainerItemProxy */;
		};
		D5DE9FE51CC7FB7B00537561 /* PBXTargetDependency */ = {
			isa = PBXTargetDependency;
			target = D5DE9FC11CC7FB7A00537561 /* On the Map */;
			targetProxy = D5DE9FE41CC7FB7B00537561 /* PBXContainerItemProxy */;
		};
/* End PBXTargetDependency section */

/* Begin PBXVariantGroup section */
		D5DE9FCB1CC7FB7A00537561 /* Main.storyboard */ = {
			isa = PBXVariantGroup;
			children = (
				D5DE9FCC1CC7FB7A00537561 /* Base */,
			);
			name = Main.storyboard;
			sourceTree = "<group>";
		};
		D5DE9FD01CC7FB7A00537561 /* LaunchScreen.storyboard */ = {
			isa = PBXVariantGroup;
			children = (
				D5DE9FD11CC7FB7A00537561 /* Base */,
			);
			name = LaunchScreen.storyboard;
			sourceTree = "<group>";
		};
/* End PBXVariantGroup section */

/* Begin XCBuildConfiguration section */
		D5DE9FEA1CC7FB7B00537561 /* Debug */ = {
			isa = XCBuildConfiguration;
			buildSettings = {
				ALWAYS_SEARCH_USER_PATHS = NO;
				CLANG_ANALYZER_NONNULL = YES;
				CLANG_CXX_LANGUAGE_STANDARD = "gnu++0x";
				CLANG_CXX_LIBRARY = "libc++";
				CLANG_ENABLE_MODULES = YES;
				CLANG_ENABLE_OBJC_ARC = YES;
				CLANG_WARN_BOOL_CONVERSION = YES;
				CLANG_WARN_CONSTANT_CONVERSION = YES;
				CLANG_WARN_DIRECT_OBJC_ISA_USAGE = YES_ERROR;
				CLANG_WARN_EMPTY_BODY = YES;
				CLANG_WARN_ENUM_CONVERSION = YES;
				CLANG_WARN_INT_CONVERSION = YES;
				CLANG_WARN_OBJC_ROOT_CLASS = YES_ERROR;
				CLANG_WARN_UNREACHABLE_CODE = YES;
				CLANG_WARN__DUPLICATE_METHOD_MATCH = YES;
				"CODE_SIGN_IDENTITY[sdk=iphoneos*]" = "iPhone Developer";
				COPY_PHASE_STRIP = NO;
				DEBUG_INFORMATION_FORMAT = dwarf;
				ENABLE_STRICT_OBJC_MSGSEND = YES;
				ENABLE_TESTABILITY = YES;
				GCC_C_LANGUAGE_STANDARD = gnu99;
				GCC_DYNAMIC_NO_PIC = NO;
				GCC_NO_COMMON_BLOCKS = YES;
				GCC_OPTIMIZATION_LEVEL = 0;
				GCC_PREPROCESSOR_DEFINITIONS = (
					"DEBUG=1",
					"$(inherited)",
				);
				GCC_WARN_64_TO_32_BIT_CONVERSION = YES;
				GCC_WARN_ABOUT_RETURN_TYPE = YES_ERROR;
				GCC_WARN_UNDECLARED_SELECTOR = YES;
				GCC_WARN_UNINITIALIZED_AUTOS = YES_AGGRESSIVE;
				GCC_WARN_UNUSED_FUNCTION = YES;
				GCC_WARN_UNUSED_VARIABLE = YES;
				IPHONEOS_DEPLOYMENT_TARGET = 9.3;
				MTL_ENABLE_DEBUG_INFO = YES;
				ONLY_ACTIVE_ARCH = YES;
				SDKROOT = iphoneos;
				SWIFT_OPTIMIZATION_LEVEL = "-Onone";
				TARGETED_DEVICE_FAMILY = "1,2";
			};
			name = Debug;
		};
		D5DE9FEB1CC7FB7B00537561 /* Release */ = {
			isa = XCBuildConfiguration;
			buildSettings = {
				ALWAYS_SEARCH_USER_PATHS = NO;
				CLANG_ANALYZER_NONNULL = YES;
				CLANG_CXX_LANGUAGE_STANDARD = "gnu++0x";
				CLANG_CXX_LIBRARY = "libc++";
				CLANG_ENABLE_MODULES = YES;
				CLANG_ENABLE_OBJC_ARC = YES;
				CLANG_WARN_BOOL_CONVERSION = YES;
				CLANG_WARN_CONSTANT_CONVERSION = YES;
				CLANG_WARN_DIRECT_OBJC_ISA_USAGE = YES_ERROR;
				CLANG_WARN_EMPTY_BODY = YES;
				CLANG_WARN_ENUM_CONVERSION = YES;
				CLANG_WARN_INT_CONVERSION = YES;
				CLANG_WARN_OBJC_ROOT_CLASS = YES_ERROR;
				CLANG_WARN_UNREACHABLE_CODE = YES;
				CLANG_WARN__DUPLICATE_METHOD_MATCH = YES;
				"CODE_SIGN_IDENTITY[sdk=iphoneos*]" = "iPhone Developer";
				COPY_PHASE_STRIP = NO;
				DEBUG_INFORMATION_FORMAT = "dwarf-with-dsym";
				ENABLE_NS_ASSERTIONS = NO;
				ENABLE_STRICT_OBJC_MSGSEND = YES;
				GCC_C_LANGUAGE_STANDARD = gnu99;
				GCC_NO_COMMON_BLOCKS = YES;
				GCC_WARN_64_TO_32_BIT_CONVERSION = YES;
				GCC_WARN_ABOUT_RETURN_TYPE = YES_ERROR;
				GCC_WARN_UNDECLARED_SELECTOR = YES;
				GCC_WARN_UNINITIALIZED_AUTOS = YES_AGGRESSIVE;
				GCC_WARN_UNUSED_FUNCTION = YES;
				GCC_WARN_UNUSED_VARIABLE = YES;
				IPHONEOS_DEPLOYMENT_TARGET = 9.3;
				MTL_ENABLE_DEBUG_INFO = NO;
				SDKROOT = iphoneos;
				TARGETED_DEVICE_FAMILY = "1,2";
				VALIDATE_PRODUCT = YES;
			};
			name = Release;
		};
		D5DE9FED1CC7FB7B00537561 /* Debug */ = {
			isa = XCBuildConfiguration;
			buildSettings = {
				ASSETCATALOG_COMPILER_APPICON_NAME = AppIcon;
				CODE_SIGN_IDENTITY = "iPhone Developer";
				"CODE_SIGN_IDENTITY[sdk=iphoneos*]" = "iPhone Developer";
				INFOPLIST_FILE = "On the Map/Info.plist";
				LD_RUNPATH_SEARCH_PATHS = "$(inherited) @executable_path/Frameworks";
				PRODUCT_BUNDLE_IDENTIFIER = "com.leanne63.On-the-Map";
				PRODUCT_NAME = "$(TARGET_NAME)";
				PROVISIONING_PROFILE = "";
			};
			name = Debug;
		};
		D5DE9FEE1CC7FB7B00537561 /* Release */ = {
			isa = XCBuildConfiguration;
			buildSettings = {
				ASSETCATALOG_COMPILER_APPICON_NAME = AppIcon;
				CODE_SIGN_IDENTITY = "iPhone Developer";
				"CODE_SIGN_IDENTITY[sdk=iphoneos*]" = "iPhone Developer";
				INFOPLIST_FILE = "On the Map/Info.plist";
				LD_RUNPATH_SEARCH_PATHS = "$(inherited) @executable_path/Frameworks";
				PRODUCT_BUNDLE_IDENTIFIER = "com.leanne63.On-the-Map";
				PRODUCT_NAME = "$(TARGET_NAME)";
				PROVISIONING_PROFILE = "";
			};
			name = Release;
		};
		D5DE9FF01CC7FB7B00537561 /* Debug */ = {
			isa = XCBuildConfiguration;
			buildSettings = {
				BUNDLE_LOADER = "$(TEST_HOST)";
				INFOPLIST_FILE = "On the MapTests/Info.plist";
				LD_RUNPATH_SEARCH_PATHS = "$(inherited) @executable_path/Frameworks @loader_path/Frameworks";
				PRODUCT_BUNDLE_IDENTIFIER = "com.leanne63.On-the-MapTests";
				PRODUCT_NAME = "$(TARGET_NAME)";
				TEST_HOST = "$(BUILT_PRODUCTS_DIR)/On the Map.app/On the Map";
			};
			name = Debug;
		};
		D5DE9FF11CC7FB7B00537561 /* Release */ = {
			isa = XCBuildConfiguration;
			buildSettings = {
				BUNDLE_LOADER = "$(TEST_HOST)";
				INFOPLIST_FILE = "On the MapTests/Info.plist";
				LD_RUNPATH_SEARCH_PATHS = "$(inherited) @executable_path/Frameworks @loader_path/Frameworks";
				PRODUCT_BUNDLE_IDENTIFIER = "com.leanne63.On-the-MapTests";
				PRODUCT_NAME = "$(TARGET_NAME)";
				TEST_HOST = "$(BUILT_PRODUCTS_DIR)/On the Map.app/On the Map";
			};
			name = Release;
		};
		D5DE9FF31CC7FB7B00537561 /* Debug */ = {
			isa = XCBuildConfiguration;
			buildSettings = {
				INFOPLIST_FILE = "On the MapUITests/Info.plist";
				LD_RUNPATH_SEARCH_PATHS = "$(inherited) @executable_path/Frameworks @loader_path/Frameworks";
				PRODUCT_BUNDLE_IDENTIFIER = "com.leanne63.On-the-MapUITests";
				PRODUCT_NAME = "$(TARGET_NAME)";
				TEST_TARGET_NAME = "On the Map";
			};
			name = Debug;
		};
		D5DE9FF41CC7FB7B00537561 /* Release */ = {
			isa = XCBuildConfiguration;
			buildSettings = {
				INFOPLIST_FILE = "On the MapUITests/Info.plist";
				LD_RUNPATH_SEARCH_PATHS = "$(inherited) @executable_path/Frameworks @loader_path/Frameworks";
				PRODUCT_BUNDLE_IDENTIFIER = "com.leanne63.On-the-MapUITests";
				PRODUCT_NAME = "$(TARGET_NAME)";
				TEST_TARGET_NAME = "On the Map";
			};
			name = Release;
		};
/* End XCBuildConfiguration section */

/* Begin XCConfigurationList section */
		D5DE9FBD1CC7FB7A00537561 /* Build configuration list for PBXProject "On the Map" */ = {
			isa = XCConfigurationList;
			buildConfigurations = (
				D5DE9FEA1CC7FB7B00537561 /* Debug */,
				D5DE9FEB1CC7FB7B00537561 /* Release */,
			);
			defaultConfigurationIsVisible = 0;
			defaultConfigurationName = Release;
		};
		D5DE9FEC1CC7FB7B00537561 /* Build configuration list for PBXNativeTarget "On the Map" */ = {
			isa = XCConfigurationList;
			buildConfigurations = (
				D5DE9FED1CC7FB7B00537561 /* Debug */,
				D5DE9FEE1CC7FB7B00537561 /* Release */,
			);
			defaultConfigurationIsVisible = 0;
			defaultConfigurationName = Release;
		};
		D5DE9FEF1CC7FB7B00537561 /* Build configuration list for PBXNativeTarget "On the MapTests" */ = {
			isa = XCConfigurationList;
			buildConfigurations = (
				D5DE9FF01CC7FB7B00537561 /* Debug */,
				D5DE9FF11CC7FB7B00537561 /* Release */,
			);
			defaultConfigurationIsVisible = 0;
			defaultConfigurationName = Release;
		};
		D5DE9FF21CC7FB7B00537561 /* Build configuration list for PBXNativeTarget "On the MapUITests" */ = {
			isa = XCConfigurationList;
			buildConfigurations = (
				D5DE9FF31CC7FB7B00537561 /* Debug */,
				D5DE9FF41CC7FB7B00537561 /* Release */,
			);
			defaultConfigurationIsVisible = 0;
			defaultConfigurationName = Release;
		};
/* End XCConfigurationList section */
	};
	rootObject = D5DE9FBA1CC7FB7A00537561 /* Project object */;
}
